Microsoft Visual Studio Solution File, Format Version 11.00
# Visual Studio 2008

Project("{2C39E2EA-426E-64C2-5484-B076245D97A7}") = "MyKinect", "Assembly-CSharp-firstpass.csproj", "{66FA3B6F-4A34-361B-5654-875443D6DD5C}"
EndProject
Project("{2C39E2EA-426E-64C2-5484-B076245D97A7}") = "MyKinect", "Assembly-CSharp.csproj", "{3415EED2-674E-B3DD-6D5B-C6C7F573C033}"
EndProject
Project("{2C39E2EA-426E-64C2-5484-B076245D97A7}") = "MyKinect", "Assembly-CSharp-Editor.csproj", "{811DEA78-A647-F9AF-6AE3-6AB89D9EA192}"
EndProject
Global
	GlobalSection(SolutionConfigurationPlatforms) = preSolution
		Debug|Any CPU = Debug|Any CPU
		Release|Any CPU = Release|Any CPU
	EndGlobalSection
	GlobalSection(ProjectConfigurationPlatforms) = postSolution
		{66FA3B6F-4A34-361B-5654-875443D6DD5C}.Debug|Any CPU.ActiveCfg = Debug|Any CPU
		{66FA3B6F-4A34-361B-5654-875443D6DD5C}.Debug|Any CPU.Build.0 = Debug|Any CPU
		{66FA3B6F-4A34-361B-5654-875443D6DD5C}.Release|Any CPU.ActiveCfg = Release|Any CPU
		{66FA3B6F-4A34-361B-5654-875443D6DD5C}.Release|Any CPU.Build.0 = Release|Any CPU
		{3415EED2-674E-B3DD-6D5B-C6C7F573C033}.Debug|Any CPU.ActiveCfg = Debug|Any CPU
		{3415EED2-674E-B3DD-6D5B-C6C7F573C033}.Debug|Any CPU.Build.0 = Debug|Any CPU
		{3415EED2-674E-B3DD-6D5B-C6C7F573C033}.Release|Any CPU.ActiveCfg = Release|Any CPU
		{3415EED2-674E-B3DD-6D5B-C6C7F573C033}.Release|Any CPU.Build.0 = Release|Any CPU
		{811DEA78-A647-F9AF-6AE3-6AB89D9EA192}.Debug|Any CPU.ActiveCfg = Debug|Any CPU
		{811DEA78-A647-F9AF-6AE3-6AB89D9EA192}.Debug|Any CPU.Build.0 = Debug|Any CPU
		{811DEA78-A647-F9AF-6AE3-6AB89D9EA192}.Release|Any CPU.ActiveCfg = Release|Any CPU
		{811DEA78-A647-F9AF-6AE3-6AB89D9EA192}.Release|Any CPU.Build.0 = Release|Any CPU
	EndGlobalSection
	GlobalSection(SolutionProperties) = preSolution
		HideSolutionNode = FALSE
	EndGlobalSection
	GlobalSection(MonoDevelopProperties) = preSolution
		StartupItem = Assembly-CSharp.csproj
	EndGlobalSection
EndGlobal
